
Microsoft Visual Studio Solution File, Format Version 12.00
# Visual Studio 2013
VisualStudioVersion = 12.0.21005.1
MinimumVisualStudioVersion = 10.0.40219.1
Project("{FAE04EC0-301F-11D3-BF4B-00C04F79EFBC}") = "ContentConsole", "ContentConsole\ContentConsole.csproj", "{12B6B31D-8834-4BE4-AFB8-C62E458CDCCE}"
EndProject
Project("{FAE04EC0-301F-11D3-BF4B-00C04F79EFBC}") = "ContentConsole.Test.Unit", "ContentConsole.Test.Unit\ContentConsole.Test.Unit.csproj", "{BA25452D-6016-46BB-A624-24D8771B98E7}"
EndProject
Project("{FAE04EC0-301F-11D3-BF4B-00C04F79EFBC}") = "ContentConsole.Model", "ContentConsole.Model\ContentConsole.Model.csproj", "{105870E8-7933-45D5-8F93-B7D96F910F1C}"
EndProject
Project("{FAE04EC0-301F-11D3-BF4B-00C04F79EFBC}") = "ContentConsole.Processor", "ContentConsole.Processor\ContentConsole.Processor.csproj", "{38FB4A81-5775-493A-A1F4-1CD0B68B94AF}"
EndProject
Project("{FAE04EC0-301F-11D3-BF4B-00C04F79EFBC}") = "ContentConsole.Service", "ContentConsole.Service\ContentConsole.Service.csproj", "{FE0C0F54-DC69-49FB-A3C9-67A1B17BF46A}"
EndProject
Global
	GlobalSection(SolutionConfigurationPlatforms) = preSolution
		Debug|Any CPU = Debug|Any CPU
		Release|Any CPU = Release|Any CPU
	EndGlobalSection
	GlobalSection(ProjectConfigurationPlatforms) = postSolution
		{12B6B31D-8834-4BE4-AFB8-C62E458CDCCE}.Debug|Any CPU.ActiveCfg = Debug|Any CPU
		{12B6B31D-8834-4BE4-AFB8-C62E458CDCCE}.Debug|Any CPU.Build.0 = Debug|Any CPU
		{12B6B31D-8834-4BE4-AFB8-C62E458CDCCE}.Release|Any CPU.ActiveCfg = Release|Any CPU
		{12B6B31D-8834-4BE4-AFB8-C62E458CDCCE}.Release|Any CPU.Build.0 = Release|Any CPU
		{BA25452D-6016-46BB-A624-24D8771B98E7}.Debug|Any CPU.ActiveCfg = Debug|Any CPU
		{BA25452D-6016-46BB-A624-24D8771B98E7}.Debug|Any CPU.Build.0 = Debug|Any CPU
		{BA25452D-6016-46BB-A624-24D8771B98E7}.Release|Any CPU.ActiveCfg = Release|Any CPU
		{BA25452D-6016-46BB-A624-24D8771B98E7}.Release|Any CPU.Build.0 = Release|Any CPU
		{105870E8-7933-45D5-8F93-B7D96F910F1C}.Debug|Any CPU.ActiveCfg = Debug|Any CPU
		{105870E8-7933-45D5-8F93-B7D96F910F1C}.Debug|Any CPU.Build.0 = Debug|Any CPU
		{105870E8-7933-45D5-8F93-B7D96F910F1C}.Release|Any CPU.ActiveCfg = Release|Any CPU
		{105870E8-7933-45D5-8F93-B7D96F910F1C}.Release|Any CPU.Build.0 = Release|Any CPU
		{38FB4A81-5775-493A-A1F4-1CD0B68B94AF}.Debug|Any CPU.ActiveCfg = Debug|Any CPU
		{38FB4A81-5775-493A-A1F4-1CD0B68B94AF}.Debug|Any CPU.Build.0 = Debug|Any CPU
		{38FB4A81-5775-493A-A1F4-1CD0B68B94AF}.Release|Any CPU.ActiveCfg = Release|Any CPU
		{38FB4A81-5775-493A-A1F4-1CD0B68B94AF}.Release|Any CPU.Build.0 = Release|Any CPU
		{FE0C0F54-DC69-49FB-A3C9-67A1B17BF46A}.Debug|Any CPU.ActiveCfg = Debug|Any CPU
		{FE0C0F54-DC69-49FB-A3C9-67A1B17BF46A}.Debug|Any CPU.Build.0 = Debug|Any CPU
		{FE0C0F54-DC69-49FB-A3C9-67A1B17BF46A}.Release|Any CPU.ActiveCfg = Release|Any CPU
		{FE0C0F54-DC69-49FB-A3C9-67A1B17BF46A}.Release|Any CPU.Build.0 = Release|Any CPU
	EndGlobalSection
	GlobalSection(SolutionProperties) = preSolution
		HideSolutionNode = FALSE
	EndGlobalSection
EndGlobal
